// !$*UTF8*$!
{
	archiveVersion = 1;
	classes = {
	};
	objectVersion = 50;
	objects = {

/* Begin PBXBuildFile section */
		101197F0209CF15A00770997 /* PessoasViewController.swift in Sources */ = {isa = PBXBuildFile; fileRef = 101197EF209CF15A00770997 /* PessoasViewController.swift */; };
		101197F4209CF63A00770997 /* PessoasTableViewCell.swift in Sources */ = {isa = PBXBuildFile; fileRef = 101197F2209CF63A00770997 /* PessoasTableViewCell.swift */; };
		101197F5209CF63A00770997 /* PessoasTableViewCell.xib in Resources */ = {isa = PBXBuildFile; fileRef = 101197F3209CF63A00770997 /* PessoasTableViewCell.xib */; };
		101CF853209A3CEC00275484 /* AppDelegate.swift in Sources */ = {isa = PBXBuildFile; fileRef = 101CF852209A3CEC00275484 /* AppDelegate.swift */; };
		101CF855209A3CEC00275484 /* ViewController.swift in Sources */ = {isa = PBXBuildFile; fileRef = 101CF854209A3CEC00275484 /* ViewController.swift */; };
		101CF858209A3CEC00275484 /* Main.storyboard in Resources */ = {isa = PBXBuildFile; fileRef = 101CF856209A3CEC00275484 /* Main.storyboard */; };
		101CF85B209A3CEC00275484 /* CortanaMachineLearning.xcdatamodeld in Sources */ = {isa = PBXBuildFile; fileRef = 101CF859209A3CEC00275484 /* CortanaMachineLearning.xcdatamodeld */; };
		101CF85D209A3CEE00275484 /* Assets.xcassets in Resources */ = {isa = PBXBuildFile; fileRef = 101CF85C209A3CEE00275484 /* Assets.xcassets */; };
		101CF860209A3CEE00275484 /* LaunchScreen.storyboard in Resources */ = {isa = PBXBuildFile; fileRef = 101CF85E209A3CEE00275484 /* LaunchScreen.storyboard */; };
		101CF86B209A3CEE00275484 /* CortanaMachineLearningTests.swift in Sources */ = {isa = PBXBuildFile; fileRef = 101CF86A209A3CEE00275484 /* CortanaMachineLearningTests.swift */; };
		101CF876209A3CEE00275484 /* CortanaMachineLearningUITests.swift in Sources */ = {isa = PBXBuildFile; fileRef = 101CF875209A3CEE00275484 /* CortanaMachineLearningUITests.swift */; };
		101CF889209A546400275484 /* MesesCellTableViewCell.swift in Sources */ = {isa = PBXBuildFile; fileRef = 101CF887209A546400275484 /* MesesCellTableViewCell.swift */; };
		101CF88A209A546400275484 /* MesesCellTableViewCell.xib in Resources */ = {isa = PBXBuildFile; fileRef = 101CF888209A546400275484 /* MesesCellTableViewCell.xib */; };
		101CF88E209A55FE00275484 /* SaudeFinanceiraTableViewCell.swift in Sources */ = {isa = PBXBuildFile; fileRef = 101CF88C209A55FE00275484 /* SaudeFinanceiraTableViewCell.swift */; };
		101CF88F209A55FE00275484 /* SaudeFinanceiraTableViewCell.xib in Resources */ = {isa = PBXBuildFile; fileRef = 101CF88D209A55FE00275484 /* SaudeFinanceiraTableViewCell.xib */; };
		101CF892209A588D00275484 /* ResultadoMesTableViewCell.swift in Sources */ = {isa = PBXBuildFile; fileRef = 101CF890209A588D00275484 /* ResultadoMesTableViewCell.swift */; };
		101CF893209A588D00275484 /* ResultadoMesTableViewCell.xib in Resources */ = {isa = PBXBuildFile; fileRef = 101CF891209A588D00275484 /* ResultadoMesTableViewCell.xib */; };
		101CF898209A952D00275484 /* RebimentoMesTableViewCell.swift in Sources */ = {isa = PBXBuildFile; fileRef = 101CF896209A952D00275484 /* RebimentoMesTableViewCell.swift */; };
		101CF899209A952D00275484 /* RebimentoMesTableViewCell.xib in Resources */ = {isa = PBXBuildFile; fileRef = 101CF897209A952D00275484 /* RebimentoMesTableViewCell.xib */; };
		101CF89D209A96E700275484 /* CategoriasGastosTableViewCell.swift in Sources */ = {isa = PBXBuildFile; fileRef = 101CF89B209A96E700275484 /* CategoriasGastosTableViewCell.swift */; };
		101CF89E209A96E700275484 /* CategoriasGastosTableViewCell.xib in Resources */ = {isa = PBXBuildFile; fileRef = 101CF89C209A96E700275484 /* CategoriasGastosTableViewCell.xib */; };
		101CF8A2209B48AB00275484 /* FicouComDuvidasTableViewCell.swift in Sources */ = {isa = PBXBuildFile; fileRef = 101CF8A0209B48AB00275484 /* FicouComDuvidasTableViewCell.swift */; };
		101CF8A3209B48AB00275484 /* FicouComDuvidasTableViewCell.xib in Resources */ = {isa = PBXBuildFile; fileRef = 101CF8A1209B48AB00275484 /* FicouComDuvidasTableViewCell.xib */; };
		101CF8AF209B874700275484 /* HeadObjetivosTableViewCell.swift in Sources */ = {isa = PBXBuildFile; fileRef = 101CF8AD209B874700275484 /* HeadObjetivosTableViewCell.swift */; };
		101CF8B0209B874800275484 /* HeadObjetivosTableViewCell.xib in Resources */ = {isa = PBXBuildFile; fileRef = 101CF8AE209B874700275484 /* HeadObjetivosTableViewCell.xib */; };
		101CF8B4209B94D400275484 /* GraficoObjetivosTableViewCell.swift in Sources */ = {isa = PBXBuildFile; fileRef = 101CF8B2209B94D400275484 /* GraficoObjetivosTableViewCell.swift */; };
		101CF8B5209B94D400275484 /* GraficoObjetivosTableViewCell.xib in Resources */ = {isa = PBXBuildFile; fileRef = 101CF8B3209B94D400275484 /* GraficoObjetivosTableViewCell.xib */; };
		101CF8B9209B9A6700275484 /* HistoricoAcompTableViewCell.swift in Sources */ = {isa = PBXBuildFile; fileRef = 101CF8B7209B9A6700275484 /* HistoricoAcompTableViewCell.swift */; };
		101CF8BA209B9A6700275484 /* HistoricoAcompTableViewCell.xib in Resources */ = {isa = PBXBuildFile; fileRef = 101CF8B8209B9A6700275484 /* HistoricoAcompTableViewCell.xib */; };
		101CF8BE209B9DF100275484 /* CustomizarTableViewCell.swift in Sources */ = {isa = PBXBuildFile; fileRef = 101CF8BC209B9DF100275484 /* CustomizarTableViewCell.swift */; };
		101CF8BF209B9DF100275484 /* CustomizarTableViewCell.xib in Resources */ = {isa = PBXBuildFile; fileRef = 101CF8BD209B9DF100275484 /* CustomizarTableViewCell.xib */; };
		10AD1F0120A11274002ACCB8 /* PopUPViewViewController.swift in Sources */ = {isa = PBXBuildFile; fileRef = 10AD1F0020A11273002ACCB8 /* PopUPViewViewController.swift */; };
		EEADADB636D281BF3C5A299A /* Pods_CortanaMachineLearning.framework in Frameworks */ = {isa = PBXBuildFile; fileRef = 5F3B317859C16E5B8501379E /* Pods_CortanaMachineLearning.framework */; };
/* End PBXBuildFile section */

/* Begin PBXContainerItemProxy section */
		101CF867209A3CEE00275484 /* PBXContainerItemProxy */ = {
			isa = PBXContainerItemProxy;
			containerPortal = 101CF847209A3CEC00275484 /* Project object */;
			proxyType = 1;
			remoteGlobalIDString = 101CF84E209A3CEC00275484;
			remoteInfo = CortanaMachineLearning;
		};
		101CF872209A3CEE00275484 /* PBXContainerItemProxy */ = {
			isa = PBXContainerItemProxy;
			containerPortal = 101CF847209A3CEC00275484 /* Project object */;
			proxyType = 1;
			remoteGlobalIDString = 101CF84E209A3CEC00275484;
			remoteInfo = CortanaMachineLearning;
		};
/* End PBXContainerItemProxy section */

/* Begin PBXFileReference section */
		101197EF209CF15A00770997 /* PessoasViewController.swift */ = {isa = PBXFileReference; lastKnownFileType = sourcecode.swift; path = PessoasViewController.swift; sourceTree = "<group>"; };
		101197F2209CF63A00770997 /* PessoasTableViewCell.swift */ = {isa = PBXFileReference; lastKnownFileType = sourcecode.swift; path = PessoasTableViewCell.swift; sourceTree = "<group>"; };
		101197F3209CF63A00770997 /* PessoasTableViewCell.xib */ = {isa = PBXFileReference; lastKnownFileType = file.xib; path = PessoasTableViewCell.xib; sourceTree = "<group>"; };
		101CF84F209A3CEC00275484 /* CortanaMachineLearning.app */ = {isa = PBXFileReference; explicitFileType = wrapper.application; includeInIndex = 0; path = CortanaMachineLearning.app; sourceTree = BUILT_PRODUCTS_DIR; };
		101CF852209A3CEC00275484 /* AppDelegate.swift */ = {isa = PBXFileReference; lastKnownFileType = sourcecode.swift; path = AppDelegate.swift; sourceTree = "<group>"; };
		101CF854209A3CEC00275484 /* ViewController.swift */ = {isa = PBXFileReference; lastKnownFileType = sourcecode.swift; path = ViewController.swift; sourceTree = "<group>"; };
		101CF857209A3CEC00275484 /* Base */ = {isa = PBXFileReference; lastKnownFileType = file.storyboard; name = Base; path = Base.lproj/Main.storyboard; sourceTree = "<group>"; };
		101CF85A209A3CEC00275484 /* CortanaMachineLearning.xcdatamodel */ = {isa = PBXFileReference; lastKnownFileType = wrapper.xcdatamodel; path = CortanaMachineLearning.xcdatamodel; sourceTree = "<group>"; };
		101CF85C209A3CEE00275484 /* Assets.xcassets */ = {isa = PBXFileReference; lastKnownFileType = folder.assetcatalog; path = Assets.xcassets; sourceTree = "<group>"; };
		101CF85F209A3CEE00275484 /* Base */ = {isa = PBXFileReference; lastKnownFileType = file.storyboard; name = Base; path = Base.lproj/LaunchScreen.storyboard; sourceTree = "<group>"; };
		101CF861209A3CEE00275484 /* Info.plist */ = {isa = PBXFileReference; lastKnownFileType = text.plist.xml; path = Info.plist; sourceTree = "<group>"; };
		101CF866209A3CEE00275484 /* CortanaMachineLearningTests.xctest */ = {isa = PBXFileReference; explicitFileType = wrapper.cfbundle; includeInIndex = 0; path = CortanaMachineLearningTests.xctest; sourceTree = BUILT_PRODUCTS_DIR; };
		101CF86A209A3CEE00275484 /* CortanaMachineLearningTests.swift */ = {isa = PBXFileReference; lastKnownFileType = sourcecode.swift; path = CortanaMachineLearningTests.swift; sourceTree = "<group>"; };
		101CF86C209A3CEE00275484 /* Info.plist */ = {isa = PBXFileReference; lastKnownFileType = text.plist.xml; path = Info.plist; sourceTree = "<group>"; };
		101CF871209A3CEE00275484 /* CortanaMachineLearningUITests.xctest */ = {isa = PBXFileReference; explicitFileType = wrapper.cfbundle; includeInIndex = 0; path = CortanaMachineLearningUITests.xctest; sourceTree = BUILT_PRODUCTS_DIR; };
		101CF875209A3CEE00275484 /* CortanaMachineLearningUITests.swift */ = {isa = PBXFileReference; lastKnownFileType = sourcecode.swift; path = CortanaMachineLearningUITests.swift; sourceTree = "<group>"; };
		101CF877209A3CEE00275484 /* Info.plist */ = {isa = PBXFileReference; lastKnownFileType = text.plist.xml; path = Info.plist; sourceTree = "<group>"; };
		101CF887209A546400275484 /* MesesCellTableViewCell.swift */ = {isa = PBXFileReference; lastKnownFileType = sourcecode.swift; path = MesesCellTableViewCell.swift; sourceTree = "<group>"; };
		101CF888209A546400275484 /* MesesCellTableViewCell.xib */ = {isa = PBXFileReference; lastKnownFileType = file.xib; path = MesesCellTableViewCell.xib; sourceTree = "<group>"; };
		101CF88C209A55FE00275484 /* SaudeFinanceiraTableViewCell.swift */ = {isa = PBXFileReference; lastKnownFileType = sourcecode.swift; path = SaudeFinanceiraTableViewCell.swift; sourceTree = "<group>"; };
		101CF88D209A55FE00275484 /* SaudeFinanceiraTableViewCell.xib */ = {isa = PBXFileReference; lastKnownFileType = file.xib; path = SaudeFinanceiraTableViewCell.xib; sourceTree = "<group>"; };
		101CF890209A588D00275484 /* ResultadoMesTableViewCell.swift */ = {isa = PBXFileReference; lastKnownFileType = sourcecode.swift; path = ResultadoMesTableViewCell.swift; sourceTree = "<group>"; };
		101CF891209A588D00275484 /* ResultadoMesTableViewCell.xib */ = {isa = PBXFileReference; lastKnownFileType = file.xib; path = ResultadoMesTableViewCell.xib; sourceTree = "<group>"; };
		101CF896209A952D00275484 /* RebimentoMesTableViewCell.swift */ = {isa = PBXFileReference; lastKnownFileType = sourcecode.swift; path = RebimentoMesTableViewCell.swift; sourceTree = "<group>"; };
		101CF897209A952D00275484 /* RebimentoMesTableViewCell.xib */ = {isa = PBXFileReference; lastKnownFileType = file.xib; path = RebimentoMesTableViewCell.xib; sourceTree = "<group>"; };
		101CF89B209A96E700275484 /* CategoriasGastosTableViewCell.swift */ = {isa = PBXFileReference; lastKnownFileType = sourcecode.swift; path = CategoriasGastosTableViewCell.swift; sourceTree = "<group>"; };
		101CF89C209A96E700275484 /* CategoriasGastosTableViewCell.xib */ = {isa = PBXFileReference; lastKnownFileType = file.xib; path = CategoriasGastosTableViewCell.xib; sourceTree = "<group>"; };
		101CF8A0209B48AB00275484 /* FicouComDuvidasTableViewCell.swift */ = {isa = PBXFileReference; lastKnownFileType = sourcecode.swift; path = FicouComDuvidasTableViewCell.swift; sourceTree = "<group>"; };
		101CF8A1209B48AB00275484 /* FicouComDuvidasTableViewCell.xib */ = {isa = PBXFileReference; lastKnownFileType = file.xib; path = FicouComDuvidasTableViewCell.xib; sourceTree = "<group>"; };
		101CF8AD209B874700275484 /* HeadObjetivosTableViewCell.swift */ = {isa = PBXFileReference; lastKnownFileType = sourcecode.swift; path = HeadObjetivosTableViewCell.swift; sourceTree = "<group>"; };
		101CF8AE209B874700275484 /* HeadObjetivosTableViewCell.xib */ = {isa = PBXFileReference; lastKnownFileType = file.xib; path = HeadObjetivosTableViewCell.xib; sourceTree = "<group>"; };
		101CF8B2209B94D400275484 /* GraficoObjetivosTableViewCell.swift */ = {isa = PBXFileReference; lastKnownFileType = sourcecode.swift; path = GraficoObjetivosTableViewCell.swift; sourceTree = "<group>"; };
		101CF8B3209B94D400275484 /* GraficoObjetivosTableViewCell.xib */ = {isa = PBXFileReference; lastKnownFileType = file.xib; path = GraficoObjetivosTableViewCell.xib; sourceTree = "<group>"; };
		101CF8B7209B9A6700275484 /* HistoricoAcompTableViewCell.swift */ = {isa = PBXFileReference; lastKnownFileType = sourcecode.swift; path = HistoricoAcompTableViewCell.swift; sourceTree = "<group>"; };
		101CF8B8209B9A6700275484 /* HistoricoAcompTableViewCell.xib */ = {isa = PBXFileReference; lastKnownFileType = file.xib; path = HistoricoAcompTableViewCell.xib; sourceTree = "<group>"; };
		101CF8BC209B9DF100275484 /* CustomizarTableViewCell.swift */ = {isa = PBXFileReference; lastKnownFileType = sourcecode.swift; path = CustomizarTableViewCell.swift; sourceTree = "<group>"; };
		101CF8BD209B9DF100275484 /* CustomizarTableViewCell.xib */ = {isa = PBXFileReference; lastKnownFileType = file.xib; path = CustomizarTableViewCell.xib; sourceTree = "<group>"; };
		10AD1F0020A11273002ACCB8 /* PopUPViewViewController.swift */ = {isa = PBXFileReference; lastKnownFileType = sourcecode.swift; path = PopUPViewViewController.swift; sourceTree = "<group>"; };
		25FCD61700C1CEDA816E9378 /* Pods-CortanaMachineLearning.debug.xcconfig */ = {isa = PBXFileReference; includeInIndex = 1; lastKnownFileType = text.xcconfig; name = "Pods-CortanaMachineLearning.debug.xcconfig"; path = "Pods/Target Support Files/Pods-CortanaMachineLearning/Pods-CortanaMachineLearning.debug.xcconfig"; sourceTree = "<group>"; };
		5951335F74D0BFC658FD11FB /* Pods-CortanaMachineLearning.release.xcconfig */ = {isa = PBXFileReference; includeInIndex = 1; lastKnownFileType = text.xcconfig; name = "Pods-CortanaMachineLearning.release.xcconfig"; path = "Pods/Target Support Files/Pods-CortanaMachineLearning/Pods-CortanaMachineLearning.release.xcconfig"; sourceTree = "<group>"; };
		5F3B317859C16E5B8501379E /* Pods_CortanaMachineLearning.framework */ = {isa = PBXFileReference; explicitFileType = wrapper.framework; includeInIndex = 0; path = Pods_CortanaMachineLearning.framework; sourceTree = BUILT_PRODUCTS_DIR; };
/* End PBXFileReference section */

/* Begin PBXFrameworksBuildPhase section */
		101CF84C209A3CEC00275484 /* Frameworks */ = {
			isa = PBXFrameworksBuildPhase;
			buildActionMask = 2147483647;
			files = (
				EEADADB636D281BF3C5A299A /* Pods_CortanaMachineLearning.framework in Frameworks */,
			);
			runOnlyForDeploymentPostprocessing = 0;
		};
		101CF863209A3CEE00275484 /* Frameworks */ = {
			isa = PBXFrameworksBuildPhase;
			buildActionMask = 2147483647;
			files = (
			);
			runOnlyForDeploymentPostprocessing = 0;
		};
		101CF86E209A3CEE00275484 /* Frameworks */ = {
			isa = PBXFrameworksBuildPhase;
			buildActionMask = 2147483647;
			files = (
			);
			runOnlyForDeploymentPostprocessing = 0;
		};
/* End PBXFrameworksBuildPhase section */

/* Begin PBXGroup section */
		101197F1209CF36300770997 /* PessoasCells */ = {
			isa = PBXGroup;
			children = (
				101197F2209CF63A00770997 /* PessoasTableViewCell.swift */,
				101197F3209CF63A00770997 /* PessoasTableViewCell.xib */,
			);
			path = PessoasCells;
			sourceTree = "<group>";
		};
		101CF846209A3CEC00275484 = {
			isa = PBXGroup;
			children = (
				101CF851209A3CEC00275484 /* CortanaMachineLearning */,
				101CF869209A3CEE00275484 /* CortanaMachineLearningTests */,
				101CF874209A3CEE00275484 /* CortanaMachineLearningUITests */,
				101CF850209A3CEC00275484 /* Products */,
				626B9B710D0DBA349E0ED962 /* Pods */,
				CC28374A94B387B1EDFCCF1A /* Frameworks */,
			);
			sourceTree = "<group>";
		};
		101CF850209A3CEC00275484 /* Products */ = {
			isa = PBXGroup;
			children = (
				101CF84F209A3CEC00275484 /* CortanaMachineLearning.app */,
				101CF866209A3CEE00275484 /* CortanaMachineLearningTests.xctest */,
				101CF871209A3CEE00275484 /* CortanaMachineLearningUITests.xctest */,
			);
			name = Products;
			sourceTree = "<group>";
		};
		101CF851209A3CEC00275484 /* CortanaMachineLearning */ = {
			isa = PBXGroup;
			children = (
				101197F1209CF36300770997 /* PessoasCells */,
				101CF883209A53C500275484 /* MesCells */,
				10AD1F0020A11273002ACCB8 /* PopUPViewViewController.swift */,
				101CF854209A3CEC00275484 /* ViewController.swift */,
				101197EF209CF15A00770997 /* PessoasViewController.swift */,
				101CF856209A3CEC00275484 /* Main.storyboard */,
				101CF852209A3CEC00275484 /* AppDelegate.swift */,
				101CF85C209A3CEE00275484 /* Assets.xcassets */,
				101CF85E209A3CEE00275484 /* LaunchScreen.storyboard */,
				101CF861209A3CEE00275484 /* Info.plist */,
				101CF859209A3CEC00275484 /* CortanaMachineLearning.xcdatamodeld */,
			);
			path = CortanaMachineLearning;
			sourceTree = "<group>";
		};
		101CF869209A3CEE00275484 /* CortanaMachineLearningTests */ = {
			isa = PBXGroup;
			children = (
				101CF86A209A3CEE00275484 /* CortanaMachineLearningTests.swift */,
				101CF86C209A3CEE00275484 /* Info.plist */,
			);
			path = CortanaMachineLearningTests;
			sourceTree = "<group>";
		};
		101CF874209A3CEE00275484 /* CortanaMachineLearningUITests */ = {
			isa = PBXGroup;
			children = (
				101CF875209A3CEE00275484 /* CortanaMachineLearningUITests.swift */,
				101CF877209A3CEE00275484 /* Info.plist */,
			);
			path = CortanaMachineLearningUITests;
			sourceTree = "<group>";
		};
		101CF883209A53C500275484 /* MesCells */ = {
			isa = PBXGroup;
			children = (
				101CF884209A543100275484 /* mesesCell */,
				101CF88B209A55E600275484 /* SaudeFinanceiraCell */,
				101CF894209A589500275484 /* ResultadoMes */,
				101CF8BB209B9DDF00275484 /* Customizar */,
				101CF8B6209B9A4800275484 /* AcompanhamentoHistorico */,
				101CF8B1209B94BD00275484 /* GraficoObjetivos */,
				101CF8A8209B4D4D00275484 /* HeadMeusObjetivos */,
				101CF89F209B488700275484 /* FIcouComDuvidas */,
				101CF89A209A96C500275484 /* CategoriasGastos */,
				101CF895209A951C00275484 /* DetalhamentoMes */,
			);
			path = MesCells;
			sourceTree = "<group>";
		};
		101CF884209A543100275484 /* mesesCell */ = {
			isa = PBXGroup;
			children = (
				101CF887209A546400275484 /* MesesCellTableViewCell.swift */,
				101CF888209A546400275484 /* MesesCellTableViewCell.xib */,
			);
			path = mesesCell;
			sourceTree = "<group>";
		};
		101CF88B209A55E600275484 /* SaudeFinanceiraCell */ = {
			isa = PBXGroup;
			children = (
				101CF88C209A55FE00275484 /* SaudeFinanceiraTableViewCell.swift */,
				101CF88D209A55FE00275484 /* SaudeFinanceiraTableViewCell.xib */,
			);
			path = SaudeFinanceiraCell;
			sourceTree = "<group>";
		};
		101CF894209A589500275484 /* ResultadoMes */ = {
			isa = PBXGroup;
			children = (
				101CF890209A588D00275484 /* ResultadoMesTableViewCell.swift */,
				101CF891209A588D00275484 /* ResultadoMesTableViewCell.xib */,
			);
			path = ResultadoMes;
			sourceTree = "<group>";
		};
		101CF895209A951C00275484 /* DetalhamentoMes */ = {
			isa = PBXGroup;
			children = (
				101CF896209A952D00275484 /* RebimentoMesTableViewCell.swift */,
				101CF897209A952D00275484 /* RebimentoMesTableViewCell.xib */,
			);
			path = DetalhamentoMes;
			sourceTree = "<group>";
		};
		101CF89A209A96C500275484 /* CategoriasGastos */ = {
			isa = PBXGroup;
			children = (
				101CF89B209A96E700275484 /* CategoriasGastosTableViewCell.swift */,
				101CF89C209A96E700275484 /* CategoriasGastosTableViewCell.xib */,
			);
			path = CategoriasGastos;
			sourceTree = "<group>";
		};
		101CF89F209B488700275484 /* FIcouComDuvidas */ = {
			isa = PBXGroup;
			children = (
				101CF8A0209B48AB00275484 /* FicouComDuvidasTableViewCell.swift */,
				101CF8A1209B48AB00275484 /* FicouComDuvidasTableViewCell.xib */,
			);
			path = FIcouComDuvidas;
			sourceTree = "<group>";
		};
		101CF8A8209B4D4D00275484 /* HeadMeusObjetivos */ = {
			isa = PBXGroup;
			children = (
				101CF8AD209B874700275484 /* HeadObjetivosTableViewCell.swift */,
				101CF8AE209B874700275484 /* HeadObjetivosTableViewCell.xib */,
			);
			path = HeadMeusObjetivos;
			sourceTree = "<group>";
		};
		101CF8B1209B94BD00275484 /* GraficoObjetivos */ = {
			isa = PBXGroup;
			children = (
				101CF8B2209B94D400275484 /* GraficoObjetivosTableViewCell.swift */,
				101CF8B3209B94D400275484 /* GraficoObjetivosTableViewCell.xib */,
			);
			path = GraficoObjetivos;
			sourceTree = "<group>";
		};
		101CF8B6209B9A4800275484 /* AcompanhamentoHistorico */ = {
			isa = PBXGroup;
			children = (
				101CF8B7209B9A6700275484 /* HistoricoAcompTableViewCell.swift */,
				101CF8B8209B9A6700275484 /* HistoricoAcompTableViewCell.xib */,
			);
			path = AcompanhamentoHistorico;
			sourceTree = "<group>";
		};
		101CF8BB209B9DDF00275484 /* Customizar */ = {
			isa = PBXGroup;
			children = (
				101CF8BC209B9DF100275484 /* CustomizarTableViewCell.swift */,
				101CF8BD209B9DF100275484 /* CustomizarTableViewCell.xib */,
			);
			path = Customizar;
			sourceTree = "<group>";
		};
		626B9B710D0DBA349E0ED962 /* Pods */ = {
			isa = PBXGroup;
			children = (
				25FCD61700C1CEDA816E9378 /* Pods-CortanaMachineLearning.debug.xcconfig */,
				5951335F74D0BFC658FD11FB /* Pods-CortanaMachineLearning.release.xcconfig */,
			);
			name = Pods;
			sourceTree = "<group>";
		};
		CC28374A94B387B1EDFCCF1A /* Frameworks */ = {
			isa = PBXGroup;
			children = (
				5F3B317859C16E5B8501379E /* Pods_CortanaMachineLearning.framework */,
			);
			name = Frameworks;
			sourceTree = "<group>";
		};
/* End PBXGroup section */

/* Begin PBXNativeTarget section */
		101CF84E209A3CEC00275484 /* CortanaMachineLearning */ = {
			isa = PBXNativeTarget;
			buildConfigurationList = 101CF87A209A3CEE00275484 /* Build configuration list for PBXNativeTarget "CortanaMachineLearning" */;
			buildPhases = (
				4863CDC02E16978A13A1876D /* [CP] Check Pods Manifest.lock */,
				101CF84B209A3CEC00275484 /* Sources */,
				101CF84C209A3CEC00275484 /* Frameworks */,
				101CF84D209A3CEC00275484 /* Resources */,
				0CA611E98261EE1CE6190260 /* [CP] Embed Pods Frameworks */,
			);
			buildRules = (
			);
			dependencies = (
			);
			name = CortanaMachineLearning;
			productName = CortanaMachineLearning;
			productReference = 101CF84F209A3CEC00275484 /* CortanaMachineLearning.app */;
			productType = "com.apple.product-type.application";
		};
		101CF865209A3CEE00275484 /* CortanaMachineLearningTests */ = {
			isa = PBXNativeTarget;
			buildConfigurationList = 101CF87D209A3CEE00275484 /* Build configuration list for PBXNativeTarget "CortanaMachineLearningTests" */;
			buildPhases = (
				101CF862209A3CEE00275484 /* Sources */,
				101CF863209A3CEE00275484 /* Frameworks */,
				101CF864209A3CEE00275484 /* Resources */,
			);
			buildRules = (
			);
			dependencies = (
				101CF868209A3CEE00275484 /* PBXTargetDependency */,
			);
			name = CortanaMachineLearningTests;
			productName = CortanaMachineLearningTests;
			productReference = 101CF866209A3CEE00275484 /* CortanaMachineLearningTests.xctest */;
			productType = "com.apple.product-type.bundle.unit-test";
		};
		101CF870209A3CEE00275484 /* CortanaMachineLearningUITests */ = {
			isa = PBXNativeTarget;
			buildConfigurationList = 101CF880209A3CEE00275484 /* Build configuration list for PBXNativeTarget "CortanaMachineLearningUITests" */;
			buildPhases = (
				101CF86D209A3CEE00275484 /* Sources */,
				101CF86E209A3CEE00275484 /* Frameworks */,
				101CF86F209A3CEE00275484 /* Resources */,
			);
			buildRules = (
			);
			dependencies = (
				101CF873209A3CEE00275484 /* PBXTargetDependency */,
			);
			name = CortanaMachineLearningUITests;
			productName = CortanaMachineLearningUITests;
			productReference = 101CF871209A3CEE00275484 /* CortanaMachineLearningUITests.xctest */;
			productType = "com.apple.product-type.bundle.ui-testing";
		};
/* End PBXNativeTarget section */

/* Begin PBXProject section */
		101CF847209A3CEC00275484 /* Project object */ = {
			isa = PBXProject;
			attributes = {
				LastSwiftUpdateCheck = 0930;
				LastUpgradeCheck = 0930;
				ORGANIZATIONNAME = "João Paulo  Tieles";
				TargetAttributes = {
					101CF84E209A3CEC00275484 = {
						CreatedOnToolsVersion = 9.3;
					};
					101CF865209A3CEE00275484 = {
						CreatedOnToolsVersion = 9.3;
						TestTargetID = 101CF84E209A3CEC00275484;
					};
					101CF870209A3CEE00275484 = {
						CreatedOnToolsVersion = 9.3;
						TestTargetID = 101CF84E209A3CEC00275484;
					};
				};
			};
			buildConfigurationList = 101CF84A209A3CEC00275484 /* Build configuration list for PBXProject "CortanaMachineLearning" */;
			compatibilityVersion = "Xcode 9.3";
			developmentRegion = en;
			hasScannedForEncodings = 0;
			knownRegions = (
				en,
				Base,
			);
			mainGroup = 101CF846209A3CEC00275484;
			productRefGroup = 101CF850209A3CEC00275484 /* Products */;
			projectDirPath = "";
			projectRoot = "";
			targets = (
				101CF84E209A3CEC00275484 /* CortanaMachineLearning */,
				101CF865209A3CEE00275484 /* CortanaMachineLearningTests */,
				101CF870209A3CEE00275484 /* CortanaMachineLearningUITests */,
			);
		};
/* End PBXProject section */

/* Begin PBXResourcesBuildPhase section */
		101CF84D209A3CEC00275484 /* Resources */ = {
			isa = PBXResourcesBuildPhase;
			buildActionMask = 2147483647;
			files = (
				101CF89E209A96E700275484 /* CategoriasGastosTableViewCell.xib in Resources */,
				101CF860209A3CEE00275484 /* LaunchScreen.storyboard in Resources */,
				101CF8B0209B874800275484 /* HeadObjetivosTableViewCell.xib in Resources */,
				101CF8B5209B94D400275484 /* GraficoObjetivosTableViewCell.xib in Resources */,
				101CF899209A952D00275484 /* RebimentoMesTableViewCell.xib in Resources */,
				101CF88F209A55FE00275484 /* SaudeFinanceiraTableViewCell.xib in Resources */,
				101CF85D209A3CEE00275484 /* Assets.xcassets in Resources */,
				101CF893209A588D00275484 /* ResultadoMesTableViewCell.xib in Resources */,
				101CF8BA209B9A6700275484 /* HistoricoAcompTableViewCell.xib in Resources */,
				101CF8BF209B9DF100275484 /* CustomizarTableViewCell.xib in Resources */,
				101197F5209CF63A00770997 /* PessoasTableViewCell.xib in Resources */,
				101CF8A3209B48AB00275484 /* FicouComDuvidasTableViewCell.xib in Resources */,
				101CF858209A3CEC00275484 /* Main.storyboard in Resources */,
				101CF88A209A546400275484 /* MesesCellTableViewCell.xib in Resources */,
			);
			runOnlyForDeploymentPostprocessing = 0;
		};
		101CF864209A3CEE00275484 /* Resources */ = {
			isa = PBXResourcesBuildPhase;
			buildActionMask = 2147483647;
			files = (
			);
			runOnlyForDeploymentPostprocessing = 0;
		};
		101CF86F209A3CEE00275484 /* Resources */ = {
			isa = PBXResourcesBuildPhase;
			buildActionMask = 2147483647;
			files = (
			);
			runOnlyForDeploymentPostprocessing = 0;
		};
/* End PBXResourcesBuildPhase section */

/* Begin PBXShellScriptBuildPhase section */
		0CA611E98261EE1CE6190260 /* [CP] Embed Pods Frameworks */ = {
			isa = PBXShellScriptBuildPhase;
			buildActionMask = 2147483647;
			files = (
			);
			inputPaths = (
				"${SRCROOT}/Pods/Target Support Files/Pods-CortanaMachineLearning/Pods-CortanaMachineLearning-frameworks.sh",
				"${BUILT_PRODUCTS_DIR}/Alamofire/Alamofire.framework",
				"${BUILT_PRODUCTS_DIR}/ExpandableCell/ExpandableCell.framework",
				"${BUILT_PRODUCTS_DIR}/RKPieChart/RKPieChart.framework",
				"${BUILT_PRODUCTS_DIR}/SideMenu/SideMenu.framework",
				"${BUILT_PRODUCTS_DIR}/SwiftSpinner/SwiftSpinner.framework",
				"${BUILT_PRODUCTS_DIR}/UICircularProgressRing/UICircularProgressRing.framework",
			);
			name = "[CP] Embed Pods Frameworks";
			outputPaths = (
				"${TARGET_BUILD_DIR}/${FRAMEWORKS_FOLDER_PATH}/Alamofire.framework",
				"${TARGET_BUILD_DIR}/${FRAMEWORKS_FOLDER_PATH}/ExpandableCell.framework",
				"${TARGET_BUILD_DIR}/${FRAMEWORKS_FOLDER_PATH}/RKPieChart.framework",
				"${TARGET_BUILD_DIR}/${FRAMEWORKS_FOLDER_PATH}/SideMenu.framework",
				"${TARGET_BUILD_DIR}/${FRAMEWORKS_FOLDER_PATH}/SwiftSpinner.framework",
				"${TARGET_BUILD_DIR}/${FRAMEWORKS_FOLDER_PATH}/UICircularProgressRing.framework",
			);
			runOnlyForDeploymentPostprocessing = 0;
			shellPath = /bin/sh;
			shellScript = "\"${SRCROOT}/Pods/Target Support Files/Pods-CortanaMachineLearning/Pods-CortanaMachineLearning-frameworks.sh\"\n";
			showEnvVarsInLog = 0;
		};
		4863CDC02E16978A13A1876D /* [CP] Check Pods Manifest.lock */ = {
			isa = PBXShellScriptBuildPhase;
			buildActionMask = 2147483647;
			files = (
			);
			inputPaths = (
				"${PODS_PODFILE_DIR_PATH}/Podfile.lock",
				"${PODS_ROOT}/Manifest.lock",
			);
			name = "[CP] Check Pods Manifest.lock";
			outputPaths = (
				"$(DERIVED_FILE_DIR)/Pods-CortanaMachineLearning-checkManifestLockResult.txt",
			);
			runOnlyForDeploymentPostprocessing = 0;
			shellPath = /bin/sh;
			shellScript = "diff \"${PODS_PODFILE_DIR_PATH}/Podfile.lock\" \"${PODS_ROOT}/Manifest.lock\" > /dev/null\nif [ $? != 0 ] ; then\n    # print error to STDERR\n    echo \"error: The sandbox is not in sync with the Podfile.lock. Run 'pod install' or update your CocoaPods installation.\" >&2\n    exit 1\nfi\n# This output is used by Xcode 'outputs' to avoid re-running this script phase.\necho \"SUCCESS\" > \"${SCRIPT_OUTPUT_FILE_0}\"\n";
			showEnvVarsInLog = 0;
		};
/* End PBXShellScriptBuildPhase section */

/* Begin PBXSourcesBuildPhase section */
		101CF84B209A3CEC00275484 /* Sources */ = {
			isa = PBXSourcesBuildPhase;
			buildActionMask = 2147483647;
			files = (
				101CF855209A3CEC00275484 /* ViewController.swift in Sources */,
				101CF85B209A3CEC00275484 /* CortanaMachineLearning.xcdatamodeld in Sources */,
				101CF898209A952D00275484 /* RebimentoMesTableViewCell.swift in Sources */,
				101197F0209CF15A00770997 /* PessoasViewController.swift in Sources */,
				10AD1F0120A11274002ACCB8 /* PopUPViewViewController.swift in Sources */,
				101CF8BE209B9DF100275484 /* CustomizarTableViewCell.swift in Sources */,
				101CF88E209A55FE00275484 /* SaudeFinanceiraTableViewCell.swift in Sources */,
				101CF89D209A96E700275484 /* CategoriasGastosTableViewCell.swift in Sources */,
				101CF8B9209B9A6700275484 /* HistoricoAcompTableViewCell.swift in Sources */,
				101197F4209CF63A00770997 /* PessoasTableViewCell.swift in Sources */,
				101CF853209A3CEC00275484 /* AppDelegate.swift in Sources */,
				101CF889209A546400275484 /* MesesCellTableViewCell.swift in Sources */,
				101CF8A2209B48AB00275484 /* FicouComDuvidasTableViewCell.swift in Sources */,
				101CF8B4209B94D400275484 /* GraficoObjetivosTableViewCell.swift in Sources */,
				101CF892209A588D00275484 /* ResultadoMesTableViewCell.swift in Sources */,
				101CF8AF209B874700275484 /* HeadObjetivosTableViewCell.swift in Sources */,
			);
			runOnlyForDeploymentPostprocessing = 0;
		};
		101CF862209A3CEE00275484 /* Sources */ = {
			isa = PBXSourcesBuildPhase;
			buildActionMask = 2147483647;
			files = (
				101CF86B209A3CEE00275484 /* CortanaMachineLearningTests.swift in Sources */,
			);
			runOnlyForDeploymentPostprocessing = 0;
		};
		101CF86D209A3CEE00275484 /* Sources */ = {
			isa = PBXSourcesBuildPhase;
			buildActionMask = 2147483647;
			files = (
				101CF876209A3CEE00275484 /* CortanaMachineLearningUITests.swift in Sources */,
			);
			runOnlyForDeploymentPostprocessing = 0;
		};
/* End PBXSourcesBuildPhase section */

/* Begin PBXTargetDependency section */
		101CF868209A3CEE00275484 /* PBXTargetDependency */ = {
			isa = PBXTargetDependency;
			target = 101CF84E209A3CEC00275484 /* CortanaMachineLearning */;
			targetProxy = 101CF867209A3CEE00275484 /* PBXContainerItemProxy */;
		};
		101CF873209A3CEE00275484 /* PBXTargetDependency */ = {
			isa = PBXTargetDependency;
			target = 101CF84E209A3CEC00275484 /* CortanaMachineLearning */;
			targetProxy = 101CF872209A3CEE00275484 /* PBXContainerItemProxy */;
		};
/* End PBXTargetDependency section */

/* Begin PBXVariantGroup section */
		101CF856209A3CEC00275484 /* Main.storyboard */ = {
			isa = PBXVariantGroup;
			children = (
				101CF857209A3CEC00275484 /* Base */,
			);
			name = Main.storyboard;
			sourceTree = "<group>";
		};
		101CF85E209A3CEE00275484 /* LaunchScreen.storyboard */ = {
			isa = PBXVariantGroup;
			children = (
				101CF85F209A3CEE00275484 /* Base */,
			);
			name = LaunchScreen.storyboard;
			sourceTree = "<group>";
		};
/* End PBXVariantGroup section */

/* Begin XCBuildConfiguration section */
		101CF878209A3CEE00275484 /* Debug */ = {
			isa = XCBuildConfiguration;
			buildSettings = {
				ALWAYS_SEARCH_USER_PATHS = NO;
				CLANG_ANALYZER_NONNULL = YES;
				CLANG_ANALYZER_NUMBER_OBJECT_CONVERSION = YES_AGGRESSIVE;
				CLANG_CXX_LANGUAGE_STANDARD = "gnu++14";
				CLANG_CXX_LIBRARY = "libc++";
				CLANG_ENABLE_MODULES = YES;
				CLANG_ENABLE_OBJC_ARC = YES;
				CLANG_ENABLE_OBJC_WEAK = YES;
				CLANG_WARN_BLOCK_CAPTURE_AUTORELEASING = YES;
				CLANG_WARN_BOOL_CONVERSION = YES;
				CLANG_WARN_COMMA = YES;
				CLANG_WARN_CONSTANT_CONVERSION = YES;
				CLANG_WARN_DEPRECATED_OBJC_IMPLEMENTATIONS = YES;
				CLANG_WARN_DIRECT_OBJC_ISA_USAGE = YES_ERROR;
				CLANG_WARN_DOCUMENTATION_COMMENTS = YES;
				CLANG_WARN_EMPTY_BODY = YES;
				CLANG_WARN_ENUM_CONVERSION = YES;
				CLANG_WARN_INFINITE_RECURSION = YES;
				CLANG_WARN_INT_CONVERSION = YES;
				CLANG_WARN_NON_LITERAL_NULL_CONVERSION = YES;
				CLANG_WARN_OBJC_IMPLICIT_RETAIN_SELF = YES;
				CLANG_WARN_OBJC_LITERAL_CONVERSION = YES;
				CLANG_WARN_OBJC_ROOT_CLASS = YES_ERROR;
				CLANG_WARN_RANGE_LOOP_ANALYSIS = YES;
				CLANG_WARN_STRICT_PROTOTYPES = YES;
				CLANG_WARN_SUSPICIOUS_MOVE = YES;
				CLANG_WARN_UNGUARDED_AVAILABILITY = YES_AGGRESSIVE;
				CLANG_WARN_UNREACHABLE_CODE = YES;
				CLANG_WARN__DUPLICATE_METHOD_MATCH = YES;
				CODE_SIGN_IDENTITY = "iPhone Developer";
				COPY_PHASE_STRIP = NO;
				DEBUG_INFORMATION_FORMAT = dwarf;
				ENABLE_STRICT_OBJC_MSGSEND = YES;
				ENABLE_TESTABILITY = YES;
				GCC_C_LANGUAGE_STANDARD = gnu11;
				GCC_DYNAMIC_NO_PIC = NO;
				GCC_NO_COMMON_BLOCKS = YES;
				GCC_OPTIMIZATION_LEVEL = 0;
				GCC_PREPROCESSOR_DEFINITIONS = (
					"DEBUG=1",
					"$(inherited)",
				);
				GCC_WARN_64_TO_32_BIT_CONVERSION = YES;
				GCC_WARN_ABOUT_RETURN_TYPE = YES_ERROR;
				GCC_WARN_UNDECLARED_SELECTOR = YES;
				GCC_WARN_UNINITIALIZED_AUTOS = YES_AGGRESSIVE;
				GCC_WARN_UNUSED_FUNCTION = YES;
				GCC_WARN_UNUSED_VARIABLE = YES;
				IPHONEOS_DEPLOYMENT_TARGET = 11.3;
				MTL_ENABLE_DEBUG_INFO = YES;
				ONLY_ACTIVE_ARCH = YES;
				SDKROOT = iphoneos;
				SWIFT_ACTIVE_COMPILATION_CONDITIONS = DEBUG;
				SWIFT_OPTIMIZATION_LEVEL = "-Onone";
			};
			name = Debug;
		};
		101CF879209A3CEE00275484 /* Release */ = {
			isa = XCBuildConfiguration;
			buildSettings = {
				ALWAYS_SEARCH_USER_PATHS = NO;
				CLANG_ANALYZER_NONNULL = YES;
				CLANG_ANALYZER_NUMBER_OBJECT_CONVERSION = YES_AGGRESSIVE;
				CLANG_CXX_LANGUAGE_STANDARD = "gnu++14";
				CLANG_CXX_LIBRARY = "libc++";
				CLANG_ENABLE_MODULES = YES;
				CLANG_ENABLE_OBJC_ARC = YES;
				CLANG_ENABLE_OBJC_WEAK = YES;
				CLANG_WARN_BLOCK_CAPTURE_AUTORELEASING = YES;
				CLANG_WARN_BOOL_CONVERSION = YES;
				CLANG_WARN_COMMA = YES;
				CLANG_WARN_CONSTANT_CONVERSION = YES;
				CLANG_WARN_DEPRECATED_OBJC_IMPLEMENTATIONS = YES;
				CLANG_WARN_DIRECT_OBJC_ISA_USAGE = YES_ERROR;
				CLANG_WARN_DOCUMENTATION_COMMENTS = YES;
				CLANG_WARN_EMPTY_BODY = YES;
				CLANG_WARN_ENUM_CONVERSION = YES;
				CLANG_WARN_INFINITE_RECURSION = YES;
				CLANG_WARN_INT_CONVERSION = YES;
				CLANG_WARN_NON_LITERAL_NULL_CONVERSION = YES;
				CLANG_WARN_OBJC_IMPLICIT_RETAIN_SELF = YES;
				CLANG_WARN_OBJC_LITERAL_CONVERSION = YES;
				CLANG_WARN_OBJC_ROOT_CLASS = YES_ERROR;
				CLANG_WARN_RANGE_LOOP_ANALYSIS = YES;
				CLANG_WARN_STRICT_PROTOTYPES = YES;
				CLANG_WARN_SUSPICIOUS_MOVE = YES;
				CLANG_WARN_UNGUARDED_AVAILABILITY = YES_AGGRESSIVE;
				CLANG_WARN_UNREACHABLE_CODE = YES;
				CLANG_WARN__DUPLICATE_METHOD_MATCH = YES;
				CODE_SIGN_IDENTITY = "iPhone Developer";
				COPY_PHASE_STRIP = NO;
				DEBUG_INFORMATION_FORMAT = "dwarf-with-dsym";
				ENABLE_NS_ASSERTIONS = NO;
				ENABLE_STRICT_OBJC_MSGSEND = YES;
				GCC_C_LANGUAGE_STANDARD = gnu11;
				GCC_NO_COMMON_BLOCKS = YES;
				GCC_WARN_64_TO_32_BIT_CONVERSION = YES;
				GCC_WARN_ABOUT_RETURN_TYPE = YES_ERROR;
				GCC_WARN_UNDECLARED_SELECTOR = YES;
				GCC_WARN_UNINITIALIZED_AUTOS = YES_AGGRESSIVE;
				GCC_WARN_UNUSED_FUNCTION = YES;
				GCC_WARN_UNUSED_VARIABLE = YES;
				IPHONEOS_DEPLOYMENT_TARGET = 11.3;
				MTL_ENABLE_DEBUG_INFO = NO;
				SDKROOT = iphoneos;
				SWIFT_COMPILATION_MODE = wholemodule;
				SWIFT_OPTIMIZATION_LEVEL = "-O";
				VALIDATE_PRODUCT = YES;
			};
			name = Release;
		};
		101CF87B209A3CEE00275484 /* Debug */ = {
			isa = XCBuildConfiguration;
			baseConfigurationReference = 25FCD61700C1CEDA816E9378 /* Pods-CortanaMachineLearning.debug.xcconfig */;
			buildSettings = {
				ASSETCATALOG_COMPILER_APPICON_NAME = AppIcon;
				CODE_SIGN_STYLE = Automatic;
				INFOPLIST_FILE = CortanaMachineLearning/Info.plist;
				LD_RUNPATH_SEARCH_PATHS = (
					"$(inherited)",
					"@executable_path/Frameworks",
				);
				PRODUCT_BUNDLE_IDENTIFIER = FoodClubs.CortanaMachineLearning;
				PRODUCT_NAME = "$(TARGET_NAME)";
				SWIFT_VERSION = 4.0;
				TARGETED_DEVICE_FAMILY = "1,2";
			};
			name = Debug;
		};
		101CF87C209A3CEE00275484 /* Release */ = {
			isa = XCBuildConfiguration;
			baseConfigurationReference = 5951335F74D0BFC658FD11FB /* Pods-CortanaMachineLearning.release.xcconfig */;
			buildSettings = {
				ASSETCATALOG_COMPILER_APPICON_NAME = AppIcon;
				CODE_SIGN_STYLE = Automatic;
				INFOPLIST_FILE = CortanaMachineLearning/Info.plist;
				LD_RUNPATH_SEARCH_PATHS = (
					"$(inherited)",
					"@executable_path/Frameworks",
				);
				PRODUCT_BUNDLE_IDENTIFIER = FoodClubs.CortanaMachineLearning;
				PRODUCT_NAME = "$(TARGET_NAME)";
				SWIFT_VERSION = 4.0;
				TARGETED_DEVICE_FAMILY = "1,2";
			};
			name = Release;
		};
		101CF87E209A3CEE00275484 /* Debug */ = {
			isa = XCBuildConfiguration;
			buildSettings = {
				ALWAYS_EMBED_SWIFT_STANDARD_LIBRARIES = YES;
				BUNDLE_LOADER = "$(TEST_HOST)";
				CODE_SIGN_STYLE = Automatic;
				INFOPLIST_FILE = CortanaMachineLearningTests/Info.plist;
				LD_RUNPATH_SEARCH_PATHS = (
					"$(inherited)",
					"@executable_path/Frameworks",
					"@loader_path/Frameworks",
				);
				PRODUCT_BUNDLE_IDENTIFIER = FoodClubs.CortanaMachineLearningTests;
				PRODUCT_NAME = "$(TARGET_NAME)";
				SWIFT_VERSION = 4.0;
				TARGETED_DEVICE_FAMILY = "1,2";
				TEST_HOST = "$(BUILT_PRODUCTS_DIR)/CortanaMachineLearning.app/CortanaMachineLearning";
			};
			name = Debug;
		};
		101CF87F209A3CEE00275484 /* Release */ = {
			isa = XCBuildConfiguration;
			buildSettings = {
				ALWAYS_EMBED_SWIFT_STANDARD_LIBRARIES = YES;
				BUNDLE_LOADER = "$(TEST_HOST)";
				CODE_SIGN_STYLE = Automatic;
				INFOPLIST_FILE = CortanaMachineLearningTests/Info.plist;
				LD_RUNPATH_SEARCH_PATHS = (
					"$(inherited)",
					"@executable_path/Frameworks",
					"@loader_path/Frameworks",
				);
				PRODUCT_BUNDLE_IDENTIFIER = FoodClubs.CortanaMachineLearningTests;
				PRODUCT_NAME = "$(TARGET_NAME)";
				SWIFT_VERSION = 4.0;
				TARGETED_DEVICE_FAMILY = "1,2";
				TEST_HOST = "$(BUILT_PRODUCTS_DIR)/CortanaMachineLearning.app/CortanaMachineLearning";
			};
			name = Release;
		};
		101CF881209A3CEE00275484 /* Debug */ = {
			isa = XCBuildConfiguration;
			buildSettings = {
				ALWAYS_EMBED_SWIFT_STANDARD_LIBRARIES = YES;
				CODE_SIGN_STYLE = Automatic;
				INFOPLIST_FILE = CortanaMachineLearningUITests/Info.plist;
				LD_RUNPATH_SEARCH_PATHS = (
					"$(inherited)",
					"@executable_path/Frameworks",
					"@loader_path/Frameworks",
				);
				PRODUCT_BUNDLE_IDENTIFIER = FoodClubs.CortanaMachineLearningUITests;
				PRODUCT_NAME = "$(TARGET_NAME)";
				SWIFT_VERSION = 4.0;
				TARGETED_DEVICE_FAMILY = "1,2";
				TEST_TARGET_NAME = CortanaMachineLearning;
			};
			name = Debug;
		};
		101CF882209A3CEE00275484 /* Release */ = {
			isa = XCBuildConfiguration;
			buildSettings = {
				ALWAYS_EMBED_SWIFT_STANDARD_LIBRARIES = YES;
				CODE_SIGN_STYLE = Automatic;
				INFOPLIST_FILE = CortanaMachineLearningUITests/Info.plist;
				LD_RUNPATH_SEARCH_PATHS = (
					"$(inherited)",
					"@executable_path/Frameworks",
					"@loader_path/Frameworks",
				);
				PRODUCT_BUNDLE_IDENTIFIER = FoodClubs.CortanaMachineLearningUITests;
				PRODUCT_NAME = "$(TARGET_NAME)";
				SWIFT_VERSION = 4.0;
				TARGETED_DEVICE_FAMILY = "1,2";
				TEST_TARGET_NAME = CortanaMachineLearning;
			};
			name = Release;
		};
/* End XCBuildConfiguration section */

/* Begin XCConfigurationList section */
		101CF84A209A3CEC00275484 /* Build configuration list for PBXProject "CortanaMachineLearning" */ = {
			isa = XCConfigurationList;
			buildConfigurations = (
				101CF878209A3CEE00275484 /* Debug */,
				101CF879209A3CEE00275484 /* Release */,
			);
			defaultConfigurationIsVisible = 0;
			defaultConfigurationName = Release;
		};
		101CF87A209A3CEE00275484 /* Build configuration list for PBXNativeTarget "CortanaMachineLearning" */ = {
			isa = XCConfigurationList;
			buildConfigurations = (
				101CF87B209A3CEE00275484 /* Debug */,
				101CF87C209A3CEE00275484 /* Release */,
			);
			defaultConfigurationIsVisible = 0;
			defaultConfigurationName = Release;
		};
		101CF87D209A3CEE00275484 /* Build configuration list for PBXNativeTarget "CortanaMachineLearningTests" */ = {
			isa = XCConfigurationList;
			buildConfigurations = (
				101CF87E209A3CEE00275484 /* Debug */,
				101CF87F209A3CEE00275484 /* Release */,
			);
			defaultConfigurationIsVisible = 0;
			defaultConfigurationName = Release;
		};
		101CF880209A3CEE00275484 /* Build configuration list for PBXNativeTarget "CortanaMachineLearningUITests" */ = {
			isa = XCConfigurationList;
			buildConfigurations = (
				101CF881209A3CEE00275484 /* Debug */,
				101CF882209A3CEE00275484 /* Release */,
			);
			defaultConfigurationIsVisible = 0;
			defaultConfigurationName = Release;
		};
/* End XCConfigurationList section */

/* Begin XCVersionGroup section */
		101CF859209A3CEC00275484 /* CortanaMachineLearning.xcdatamodeld */ = {
			isa = XCVersionGroup;
			children = (
				101CF85A209A3CEC00275484 /* CortanaMachineLearning.xcdatamodel */,
			);
			currentVersion = 101CF85A209A3CEC00275484 /* CortanaMachineLearning.xcdatamodel */;
			path = CortanaMachineLearning.xcdatamodeld;
			sourceTree = "<group>";
			versionGroupType = wrapper.xcdatamodel;
		};
/* End XCVersionGroup section */
	};
	rootObject = 101CF847209A3CEC00275484 /* Project object */;
}
